// !$*UTF8*$!
{
	archiveVersion = 1;
	classes = {
	};
	objectVersion = 55;
	objects = {

/* Begin PBXBuildFile section */
		18BB4181ABF44FA67F14F0E0 /* Pods_Flix_FlixUITests.framework in Frameworks */ = {isa = PBXBuildFile; fileRef = C23B874F1814CF388F5E41C8 /* Pods_Flix_FlixUITests.framework */; };
		4A4C386DE3E29F8079CE385B /* Pods_FlixTests.framework in Frameworks */ = {isa = PBXBuildFile; fileRef = 651688A4828A043CDBC1D281 /* Pods_FlixTests.framework */; };
		6AF8D74728DABC3F00E99D3D /* AppDelegate.swift in Sources */ = {isa = PBXBuildFile; fileRef = 6AF8D74628DABC3F00E99D3D /* AppDelegate.swift */; };
		6AF8D74928DABC3F00E99D3D /* SceneDelegate.swift in Sources */ = {isa = PBXBuildFile; fileRef = 6AF8D74828DABC3F00E99D3D /* SceneDelegate.swift */; };
		6AF8D74E28DABC3F00E99D3D /* Main.storyboard in Resources */ = {isa = PBXBuildFile; fileRef = 6AF8D74C28DABC3F00E99D3D /* Main.storyboard */; };
		6AF8D75028DABC4000E99D3D /* Assets.xcassets in Resources */ = {isa = PBXBuildFile; fileRef = 6AF8D74F28DABC4000E99D3D /* Assets.xcassets */; };
		6AF8D75328DABC4000E99D3D /* LaunchScreen.storyboard in Resources */ = {isa = PBXBuildFile; fileRef = 6AF8D75128DABC4000E99D3D /* LaunchScreen.storyboard */; };
		6AF8D75E28DABC4100E99D3D /* FlixTests.swift in Sources */ = {isa = PBXBuildFile; fileRef = 6AF8D75D28DABC4100E99D3D /* FlixTests.swift */; };
		6AF8D76828DABC4100E99D3D /* FlixUITests.swift in Sources */ = {isa = PBXBuildFile; fileRef = 6AF8D76728DABC4100E99D3D /* FlixUITests.swift */; };
		6AF8D76A28DABC4100E99D3D /* FlixUITestsLaunchTests.swift in Sources */ = {isa = PBXBuildFile; fileRef = 6AF8D76928DABC4100E99D3D /* FlixUITestsLaunchTests.swift */; };
		6AF8D77B28DAD86600E99D3D /* MoviesViewController.swift in Sources */ = {isa = PBXBuildFile; fileRef = 6AF8D77A28DAD86600E99D3D /* MoviesViewController.swift */; };
		6AF8D77D28DAE06100E99D3D /* MovieCell.swift in Sources */ = {isa = PBXBuildFile; fileRef = 6AF8D77C28DAE06100E99D3D /* MovieCell.swift */; };
		6AF8D78028DAE59100E99D3D /* AlamofireImage in Frameworks */ = {isa = PBXBuildFile; productRef = 6AF8D77F28DAE59100E99D3D /* AlamofireImage */; };
		B1D0780AFB48978BA9D263D6 /* Pods_Flix.framework in Frameworks */ = {isa = PBXBuildFile; fileRef = 62580C73844818A0E443DE10 /* Pods_Flix.framework */; };
/* End PBXBuildFile section */

/* Begin PBXContainerItemProxy section */
		6AF8D75A28DABC4100E99D3D /* PBXContainerItemProxy */ = {
			isa = PBXContainerItemProxy;
			containerPortal = 6AF8D73B28DABC3F00E99D3D /* Project object */;
			proxyType = 1;
			remoteGlobalIDString = 6AF8D74228DABC3F00E99D3D;
			remoteInfo = Flix;
		};
		6AF8D76428DABC4100E99D3D /* PBXContainerItemProxy */ = {
			isa = PBXContainerItemProxy;
			containerPortal = 6AF8D73B28DABC3F00E99D3D /* Project object */;
			proxyType = 1;
			remoteGlobalIDString = 6AF8D74228DABC3F00E99D3D;
			remoteInfo = Flix;
		};
/* End PBXContainerItemProxy section */

/* Begin PBXFileReference section */
		3006F4D70E73F930F2F5439F /* Pods-FlixTests.debug.xcconfig */ = {isa = PBXFileReference; includeInIndex = 1; lastKnownFileType = text.xcconfig; name = "Pods-FlixTests.debug.xcconfig"; path = "Target Support Files/Pods-FlixTests/Pods-FlixTests.debug.xcconfig"; sourceTree = "<group>"; };
		5E393F2136F3B3E3B7437517 /* Pods-FlixTests.release.xcconfig */ = {isa = PBXFileReference; includeInIndex = 1; lastKnownFileType = text.xcconfig; name = "Pods-FlixTests.release.xcconfig"; path = "Target Support Files/Pods-FlixTests/Pods-FlixTests.release.xcconfig"; sourceTree = "<group>"; };
		62580C73844818A0E443DE10 /* Pods_Flix.framework */ = {isa = PBXFileReference; explicitFileType = wrapper.framework; includeInIndex = 0; path = Pods_Flix.framework; sourceTree = BUILT_PRODUCTS_DIR; };
		651688A4828A043CDBC1D281 /* Pods_FlixTests.framework */ = {isa = PBXFileReference; explicitFileType = wrapper.framework; includeInIndex = 0; path = Pods_FlixTests.framework; sourceTree = BUILT_PRODUCTS_DIR; };
		6AF8D74328DABC3F00E99D3D /* Flix.app */ = {isa = PBXFileReference; explicitFileType = wrapper.application; includeInIndex = 0; path = Flix.app; sourceTree = BUILT_PRODUCTS_DIR; };
		6AF8D74628DABC3F00E99D3D /* AppDelegate.swift */ = {isa = PBXFileReference; lastKnownFileType = sourcecode.swift; path = AppDelegate.swift; sourceTree = "<group>"; };
		6AF8D74828DABC3F00E99D3D /* SceneDelegate.swift */ = {isa = PBXFileReference; lastKnownFileType = sourcecode.swift; path = SceneDelegate.swift; sourceTree = "<group>"; };
		6AF8D74D28DABC3F00E99D3D /* Base */ = {isa = PBXFileReference; lastKnownFileType = file.storyboard; name = Base; path = Base.lproj/Main.storyboard; sourceTree = "<group>"; };
		6AF8D74F28DABC4000E99D3D /* Assets.xcassets */ = {isa = PBXFileReference; lastKnownFileType = folder.assetcatalog; path = Assets.xcassets; sourceTree = "<group>"; };
		6AF8D75228DABC4000E99D3D /* Base */ = {isa = PBXFileReference; lastKnownFileType = file.storyboard; name = Base; path = Base.lproj/LaunchScreen.storyboard; sourceTree = "<group>"; };
		6AF8D75428DABC4000E99D3D /* Info.plist */ = {isa = PBXFileReference; lastKnownFileType = text.plist.xml; path = Info.plist; sourceTree = "<group>"; };
		6AF8D75928DABC4100E99D3D /* FlixTests.xctest */ = {isa = PBXFileReference; explicitFileType = wrapper.cfbundle; includeInIndex = 0; path = FlixTests.xctest; sourceTree = BUILT_PRODUCTS_DIR; };
		6AF8D75D28DABC4100E99D3D /* FlixTests.swift */ = {isa = PBXFileReference; lastKnownFileType = sourcecode.swift; path = FlixTests.swift; sourceTree = "<group>"; };
		6AF8D76328DABC4100E99D3D /* FlixUITests.xctest */ = {isa = PBXFileReference; explicitFileType = wrapper.cfbundle; includeInIndex = 0; path = FlixUITests.xctest; sourceTree = BUILT_PRODUCTS_DIR; };
		6AF8D76728DABC4100E99D3D /* FlixUITests.swift */ = {isa = PBXFileReference; lastKnownFileType = sourcecode.swift; path = FlixUITests.swift; sourceTree = "<group>"; };
		6AF8D76928DABC4100E99D3D /* FlixUITestsLaunchTests.swift */ = {isa = PBXFileReference; lastKnownFileType = sourcecode.swift; path = FlixUITestsLaunchTests.swift; sourceTree = "<group>"; };
		6AF8D77A28DAD86600E99D3D /* MoviesViewController.swift */ = {isa = PBXFileReference; lastKnownFileType = sourcecode.swift; path = MoviesViewController.swift; sourceTree = "<group>"; };
		6AF8D77C28DAE06100E99D3D /* MovieCell.swift */ = {isa = PBXFileReference; lastKnownFileType = sourcecode.swift; path = MovieCell.swift; sourceTree = "<group>"; };
		72BBD51D27824DAFE83DEA61 /* Pods-Flix.release.xcconfig */ = {isa = PBXFileReference; includeInIndex = 1; lastKnownFileType = text.xcconfig; name = "Pods-Flix.release.xcconfig"; path = "Target Support Files/Pods-Flix/Pods-Flix.release.xcconfig"; sourceTree = "<group>"; };
		79D617196D3E34583B1948CE /* Pods-Flix-FlixUITests.release.xcconfig */ = {isa = PBXFileReference; includeInIndex = 1; lastKnownFileType = text.xcconfig; name = "Pods-Flix-FlixUITests.release.xcconfig"; path = "Target Support Files/Pods-Flix-FlixUITests/Pods-Flix-FlixUITests.release.xcconfig"; sourceTree = "<group>"; };
		8552136201562D3CCE137D43 /* Pods-Flix-FlixUITests.debug.xcconfig */ = {isa = PBXFileReference; includeInIndex = 1; lastKnownFileType = text.xcconfig; name = "Pods-Flix-FlixUITests.debug.xcconfig"; path = "Target Support Files/Pods-Flix-FlixUITests/Pods-Flix-FlixUITests.debug.xcconfig"; sourceTree = "<group>"; };
		B55DDE31FD60A6E3EC3D1B1A /* Pods-Flix.debug.xcconfig */ = {isa = PBXFileReference; includeInIndex = 1; lastKnownFileType = text.xcconfig; name = "Pods-Flix.debug.xcconfig"; path = "Target Support Files/Pods-Flix/Pods-Flix.debug.xcconfig"; sourceTree = "<group>"; };
		C23B874F1814CF388F5E41C8 /* Pods_Flix_FlixUITests.framework */ = {isa = PBXFileReference; explicitFileType = wrapper.framework; includeInIndex = 0; path = Pods_Flix_FlixUITests.framework; sourceTree = BUILT_PRODUCTS_DIR; };
/* End PBXFileReference section */

/* Begin PBXFrameworksBuildPhase section */
		6AF8D74028DABC3F00E99D3D /* Frameworks */ = {
			isa = PBXFrameworksBuildPhase;
			buildActionMask = 2147483647;
			files = (
				6AF8D78028DAE59100E99D3D /* AlamofireImage in Frameworks */,
				B1D0780AFB48978BA9D263D6 /* Pods_Flix.framework in Frameworks */,
			);
			runOnlyForDeploymentPostprocessing = 0;
		};
		6AF8D75628DABC4100E99D3D /* Frameworks */ = {
			isa = PBXFrameworksBuildPhase;
			buildActionMask = 2147483647;
			files = (
				4A4C386DE3E29F8079CE385B /* Pods_FlixTests.framework in Frameworks */,
			);
			runOnlyForDeploymentPostprocessing = 0;
		};
		6AF8D76028DABC4100E99D3D /* Frameworks */ = {
			isa = PBXFrameworksBuildPhase;
			buildActionMask = 2147483647;
			files = (
				18BB4181ABF44FA67F14F0E0 /* Pods_Flix_FlixUITests.framework in Frameworks */,
			);
			runOnlyForDeploymentPostprocessing = 0;
		};
/* End PBXFrameworksBuildPhase section */

/* Begin PBXGroup section */
		09A3165C71D1ED48EB4AEE9F /* Pods */ = {
			isa = PBXGroup;
			children = (
				B55DDE31FD60A6E3EC3D1B1A /* Pods-Flix.debug.xcconfig */,
				72BBD51D27824DAFE83DEA61 /* Pods-Flix.release.xcconfig */,
				8552136201562D3CCE137D43 /* Pods-Flix-FlixUITests.debug.xcconfig */,
				79D617196D3E34583B1948CE /* Pods-Flix-FlixUITests.release.xcconfig */,
				3006F4D70E73F930F2F5439F /* Pods-FlixTests.debug.xcconfig */,
				5E393F2136F3B3E3B7437517 /* Pods-FlixTests.release.xcconfig */,
			);
			name = Pods;
			path = Pods;
			sourceTree = "<group>";
		};
		4A9E4577125AC297FDF4A217 /* Frameworks */ = {
			isa = PBXGroup;
			children = (
				62580C73844818A0E443DE10 /* Pods_Flix.framework */,
				C23B874F1814CF388F5E41C8 /* Pods_Flix_FlixUITests.framework */,
				651688A4828A043CDBC1D281 /* Pods_FlixTests.framework */,
			);
			name = Frameworks;
			sourceTree = "<group>";
		};
		6AF8D73A28DABC3F00E99D3D = {
			isa = PBXGroup;
			children = (
				6AF8D74528DABC3F00E99D3D /* Flix */,
				6AF8D75C28DABC4100E99D3D /* FlixTests */,
				6AF8D76628DABC4100E99D3D /* FlixUITests */,
				6AF8D74428DABC3F00E99D3D /* Products */,
				09A3165C71D1ED48EB4AEE9F /* Pods */,
				4A9E4577125AC297FDF4A217 /* Frameworks */,
			);
			sourceTree = "<group>";
		};
		6AF8D74428DABC3F00E99D3D /* Products */ = {
			isa = PBXGroup;
			children = (
				6AF8D74328DABC3F00E99D3D /* Flix.app */,
				6AF8D75928DABC4100E99D3D /* FlixTests.xctest */,
				6AF8D76328DABC4100E99D3D /* FlixUITests.xctest */,
			);
			name = Products;
			sourceTree = "<group>";
		};
		6AF8D74528DABC3F00E99D3D /* Flix */ = {
			isa = PBXGroup;
			children = (
				6AF8D74628DABC3F00E99D3D /* AppDelegate.swift */,
				6AF8D77A28DAD86600E99D3D /* MoviesViewController.swift */,
				6AF8D74828DABC3F00E99D3D /* SceneDelegate.swift */,
				6AF8D74C28DABC3F00E99D3D /* Main.storyboard */,
				6AF8D74F28DABC4000E99D3D /* Assets.xcassets */,
				6AF8D75128DABC4000E99D3D /* LaunchScreen.storyboard */,
				6AF8D75428DABC4000E99D3D /* Info.plist */,
				6AF8D77C28DAE06100E99D3D /* MovieCell.swift */,
			);
			path = Flix;
			sourceTree = "<group>";
		};
		6AF8D75C28DABC4100E99D3D /* FlixTests */ = {
			isa = PBXGroup;
			children = (
				6AF8D75D28DABC4100E99D3D /* FlixTests.swift */,
			);
			path = FlixTests;
			sourceTree = "<group>";
		};
		6AF8D76628DABC4100E99D3D /* FlixUITests */ = {
			isa = PBXGroup;
			children = (
				6AF8D76728DABC4100E99D3D /* FlixUITests.swift */,
				6AF8D76928DABC4100E99D3D /* FlixUITestsLaunchTests.swift */,
			);
			path = FlixUITests;
			sourceTree = "<group>";
		};
/* End PBXGroup section */

/* Begin PBXNativeTarget section */
		6AF8D74228DABC3F00E99D3D /* Flix */ = {
			isa = PBXNativeTarget;
			buildConfigurationList = 6AF8D76D28DABC4100E99D3D /* Build configuration list for PBXNativeTarget "Flix" */;
			buildPhases = (
				DC27208FD1A4FF7CA2C423E9 /* [CP] Check Pods Manifest.lock */,
				6AF8D73F28DABC3F00E99D3D /* Sources */,
				6AF8D74028DABC3F00E99D3D /* Frameworks */,
				6AF8D74128DABC3F00E99D3D /* Resources */,
				9984F7CE577DB90C8B2D9EC1 /* [CP] Embed Pods Frameworks */,
			);
			buildRules = (
			);
			dependencies = (
			);
			name = Flix;
			packageProductDependencies = (
				6AF8D77F28DAE59100E99D3D /* AlamofireImage */,
			);
			productName = Flix;
			productReference = 6AF8D74328DABC3F00E99D3D /* Flix.app */;
			productType = "com.apple.product-type.application";
		};
		6AF8D75828DABC4100E99D3D /* FlixTests */ = {
			isa = PBXNativeTarget;
			buildConfigurationList = 6AF8D77028DABC4100E99D3D /* Build configuration list for PBXNativeTarget "FlixTests" */;
			buildPhases = (
				3979CAC4715808F77C0C739C /* [CP] Check Pods Manifest.lock */,
				6AF8D75528DABC4100E99D3D /* Sources */,
				6AF8D75628DABC4100E99D3D /* Frameworks */,
				6AF8D75728DABC4100E99D3D /* Resources */,
			);
			buildRules = (
			);
			dependencies = (
				6AF8D75B28DABC4100E99D3D /* PBXTargetDependency */,
			);
			name = FlixTests;
			productName = FlixTests;
			productReference = 6AF8D75928DABC4100E99D3D /* FlixTests.xctest */;
			productType = "com.apple.product-type.bundle.unit-test";
		};
		6AF8D76228DABC4100E99D3D /* FlixUITests */ = {
			isa = PBXNativeTarget;
			buildConfigurationList = 6AF8D77328DABC4100E99D3D /* Build configuration list for PBXNativeTarget "FlixUITests" */;
			buildPhases = (
				571EF5F60077E068DE7066ED /* [CP] Check Pods Manifest.lock */,
				6AF8D75F28DABC4100E99D3D /* Sources */,
				6AF8D76028DABC4100E99D3D /* Frameworks */,
				6AF8D76128DABC4100E99D3D /* Resources */,
				5B69FEED05B69A22AC56DF9D /* [CP] Embed Pods Frameworks */,
			);
			buildRules = (
			);
			dependencies = (
				6AF8D76528DABC4100E99D3D /* PBXTargetDependency */,
			);
			name = FlixUITests;
			productName = FlixUITests;
			productReference = 6AF8D76328DABC4100E99D3D /* FlixUITests.xctest */;
			productType = "com.apple.product-type.bundle.ui-testing";
		};
/* End PBXNativeTarget section */

/* Begin PBXProject section */
		6AF8D73B28DABC3F00E99D3D /* Project object */ = {
			isa = PBXProject;
			attributes = {
				BuildIndependentTargetsInParallel = 1;
				LastSwiftUpdateCheck = 1340;
				LastUpgradeCheck = 1340;
				TargetAttributes = {
					6AF8D74228DABC3F00E99D3D = {
						CreatedOnToolsVersion = 13.4.1;
					};
					6AF8D75828DABC4100E99D3D = {
						CreatedOnToolsVersion = 13.4.1;
						TestTargetID = 6AF8D74228DABC3F00E99D3D;
					};
					6AF8D76228DABC4100E99D3D = {
						CreatedOnToolsVersion = 13.4.1;
						TestTargetID = 6AF8D74228DABC3F00E99D3D;
					};
				};
			};
			buildConfigurationList = 6AF8D73E28DABC3F00E99D3D /* Build configuration list for PBXProject "Flix" */;
			compatibilityVersion = "Xcode 13.0";
			developmentRegion = en;
			hasScannedForEncodings = 0;
			knownRegions = (
				en,
				Base,
			);
			mainGroup = 6AF8D73A28DABC3F00E99D3D;
			packageReferences = (
				6AF8D77E28DAE59100E99D3D /* XCRemoteSwiftPackageReference "AlamofireImage" */,
			);
			productRefGroup = 6AF8D74428DABC3F00E99D3D /* Products */;
			projectDirPath = "";
			projectRoot = "";
			targets = (
				6AF8D74228DABC3F00E99D3D /* Flix */,
				6AF8D75828DABC4100E99D3D /* FlixTests */,
				6AF8D76228DABC4100E99D3D /* FlixUITests */,
			);
		};
/* End PBXProject section */

/* Begin PBXResourcesBuildPhase section */
		6AF8D74128DABC3F00E99D3D /* Resources */ = {
			isa = PBXResourcesBuildPhase;
			buildActionMask = 2147483647;
			files = (
				6AF8D75328DABC4000E99D3D /* LaunchScreen.storyboard in Resources */,
				6AF8D75028DABC4000E99D3D /* Assets.xcassets in Resources */,
				6AF8D74E28DABC3F00E99D3D /* Main.storyboard in Resources */,
			);
			runOnlyForDeploymentPostprocessing = 0;
		};
		6AF8D75728DABC4100E99D3D /* Resources */ = {
			isa = PBXResourcesBuildPhase;
			buildActionMask = 2147483647;
			files = (
			);
			runOnlyForDeploymentPostprocessing = 0;
		};
		6AF8D76128DABC4100E99D3D /* Resources */ = {
			isa = PBXResourcesBuildPhase;
			buildActionMask = 2147483647;
			files = (
			);
			runOnlyForDeploymentPostprocessing = 0;
		};
/* End PBXResourcesBuildPhase section */

/* Begin PBXShellScriptBuildPhase section */
		3979CAC4715808F77C0C739C /* [CP] Check Pods Manifest.lock */ = {
			isa = PBXShellScriptBuildPhase;
			buildActionMask = 2147483647;
			files = (
			);
			inputFileListPaths = (
			);
			inputPaths = (
				"${PODS_PODFILE_DIR_PATH}/Podfile.lock",
				"${PODS_ROOT}/Manifest.lock",
			);
			name = "[CP] Check Pods Manifest.lock";
			outputFileListPaths = (
			);
			outputPaths = (
				"$(DERIVED_FILE_DIR)/Pods-FlixTests-checkManifestLockResult.txt",
			);
			runOnlyForDeploymentPostprocessing = 0;
			shellPath = /bin/sh;
			shellScript = "diff \"${PODS_PODFILE_DIR_PATH}/Podfile.lock\" \"${PODS_ROOT}/Manifest.lock\" > /dev/null\nif [ $? != 0 ] ; then\n    # print error to STDERR\n    echo \"error: The sandbox is not in sync with the Podfile.lock. Run 'pod install' or update your CocoaPods installation.\" >&2\n    exit 1\nfi\n# This output is used by Xcode 'outputs' to avoid re-running this script phase.\necho \"SUCCESS\" > \"${SCRIPT_OUTPUT_FILE_0}\"\n";
			showEnvVarsInLog = 0;
		};
		571EF5F60077E068DE7066ED /* [CP] Check Pods Manifest.lock */ = {
			isa = PBXShellScriptBuildPhase;
			buildActionMask = 2147483647;
			files = (
			);
			inputFileListPaths = (
			);
			inputPaths = (
				"${PODS_PODFILE_DIR_PATH}/Podfile.lock",
				"${PODS_ROOT}/Manifest.lock",
			);
			name = "[CP] Check Pods Manifest.lock";
			outputFileListPaths = (
			);
			outputPaths = (
				"$(DERIVED_FILE_DIR)/Pods-Flix-FlixUITests-checkManifestLockResult.txt",
			);
			runOnlyForDeploymentPostprocessing = 0;
			shellPath = /bin/sh;
			shellScript = "diff \"${PODS_PODFILE_DIR_PATH}/Podfile.lock\" \"${PODS_ROOT}/Manifest.lock\" > /dev/null\nif [ $? != 0 ] ; then\n    # print error to STDERR\n    echo \"error: The sandbox is not in sync with the Podfile.lock. Run 'pod install' or update your CocoaPods installation.\" >&2\n    exit 1\nfi\n# This output is used by Xcode 'outputs' to avoid re-running this script phase.\necho \"SUCCESS\" > \"${SCRIPT_OUTPUT_FILE_0}\"\n";
			showEnvVarsInLog = 0;
		};
		5B69FEED05B69A22AC56DF9D /* [CP] Embed Pods Frameworks */ = {
			isa = PBXShellScriptBuildPhase;
			buildActionMask = 2147483647;
			files = (
			);
			inputFileListPaths = (
				"${PODS_ROOT}/Target Support Files/Pods-Flix-FlixUITests/Pods-Flix-FlixUITests-frameworks-${CONFIGURATION}-input-files.xcfilelist",
			);
			name = "[CP] Embed Pods Frameworks";
			outputFileListPaths = (
				"${PODS_ROOT}/Target Support Files/Pods-Flix-FlixUITests/Pods-Flix-FlixUITests-frameworks-${CONFIGURATION}-output-files.xcfilelist",
			);
			runOnlyForDeploymentPostprocessing = 0;
			shellPath = /bin/sh;
			shellScript = "\"${PODS_ROOT}/Target Support Files/Pods-Flix-FlixUITests/Pods-Flix-FlixUITests-frameworks.sh\"\n";
			showEnvVarsInLog = 0;
		};
		9984F7CE577DB90C8B2D9EC1 /* [CP] Embed Pods Frameworks */ = {
			isa = PBXShellScriptBuildPhase;
			buildActionMask = 2147483647;
			files = (
			);
			inputFileListPaths = (
				"${PODS_ROOT}/Target Support Files/Pods-Flix/Pods-Flix-frameworks-${CONFIGURATION}-input-files.xcfilelist",
			);
			name = "[CP] Embed Pods Frameworks";
			outputFileListPaths = (
				"${PODS_ROOT}/Target Support Files/Pods-Flix/Pods-Flix-frameworks-${CONFIGURATION}-output-files.xcfilelist",
			);
			runOnlyForDeploymentPostprocessing = 0;
			shellPath = /bin/sh;
			shellScript = "\"${PODS_ROOT}/Target Support Files/Pods-Flix/Pods-Flix-frameworks.sh\"\n";
			showEnvVarsInLog = 0;
		};
		DC27208FD1A4FF7CA2C423E9 /* [CP] Check Pods Manifest.lock */ = {
			isa = PBXShellScriptBuildPhase;
			buildActionMask = 2147483647;
			files = (
			);
			inputFileListPaths = (
			);
			inputPaths = (
				"${PODS_PODFILE_DIR_PATH}/Podfile.lock",
				"${PODS_ROOT}/Manifest.lock",
			);
			name = "[CP] Check Pods Manifest.lock";
			outputFileListPaths = (
			);
			outputPaths = (
				"$(DERIVED_FILE_DIR)/Pods-Flix-checkManifestLockResult.txt",
			);
			runOnlyForDeploymentPostprocessing = 0;
			shellPath = /bin/sh;
			shellScript = "diff \"${PODS_PODFILE_DIR_PATH}/Podfile.lock\" \"${PODS_ROOT}/Manifest.lock\" > /dev/null\nif [ $? != 0 ] ; then\n    # print error to STDERR\n    echo \"error: The sandbox is not in sync with the Podfile.lock. Run 'pod install' or update your CocoaPods installation.\" >&2\n    exit 1\nfi\n# This output is used by Xcode 'outputs' to avoid re-running this script phase.\necho \"SUCCESS\" > \"${SCRIPT_OUTPUT_FILE_0}\"\n";
			showEnvVarsInLog = 0;
		};
/* End PBXShellScriptBuildPhase section */

/* Begin PBXSourcesBuildPhase section */
		6AF8D73F28DABC3F00E99D3D /* Sources */ = {
			isa = PBXSourcesBuildPhase;
			buildActionMask = 2147483647;
			files = (
				6AF8D77B28DAD86600E99D3D /* MoviesViewController.swift in Sources */,
				6AF8D74728DABC3F00E99D3D /* AppDelegate.swift in Sources */,
				6AF8D77D28DAE06100E99D3D /* MovieCell.swift in Sources */,
				6AF8D74928DABC3F00E99D3D /* SceneDelegate.swift in Sources */,
			);
			runOnlyForDeploymentPostprocessing = 0;
		};
		6AF8D75528DABC4100E99D3D /* Sources */ = {
			isa = PBXSourcesBuildPhase;
			buildActionMask = 2147483647;
			files = (
				6AF8D75E28DABC4100E99D3D /* FlixTests.swift in Sources */,
			);
			runOnlyForDeploymentPostprocessing = 0;
		};
		6AF8D75F28DABC4100E99D3D /* Sources */ = {
			isa = PBXSourcesBuildPhase;
			buildActionMask = 2147483647;
			files = (
				6AF8D76828DABC4100E99D3D /* FlixUITests.swift in Sources */,
				6AF8D76A28DABC4100E99D3D /* FlixUITestsLaunchTests.swift in Sources */,
			);
			runOnlyForDeploymentPostprocessing = 0;
		};
/* End PBXSourcesBuildPhase section */

/* Begin PBXTargetDependency section */
		6AF8D75B28DABC4100E99D3D /* PBXTargetDependency */ = {
			isa = PBXTargetDependency;
			target = 6AF8D74228DABC3F00E99D3D /* Flix */;
			targetProxy = 6AF8D75A28DABC4100E99D3D /* PBXContainerItemProxy */;
		};
		6AF8D76528DABC4100E99D3D /* PBXTargetDependency */ = {
			isa = PBXTargetDependency;
			target = 6AF8D74228DABC3F00E99D3D /* Flix */;
			targetProxy = 6AF8D76428DABC4100E99D3D /* PBXContainerItemProxy */;
		};
/* End PBXTargetDependency section */

/* Begin PBXVariantGroup section */
		6AF8D74C28DABC3F00E99D3D /* Main.storyboard */ = {
			isa = PBXVariantGroup;
			children = (
				6AF8D74D28DABC3F00E99D3D /* Base */,
			);
			name = Main.storyboard;
			sourceTree = "<group>";
		};
		6AF8D75128DABC4000E99D3D /* LaunchScreen.storyboard */ = {
			isa = PBXVariantGroup;
			children = (
				6AF8D75228DABC4000E99D3D /* Base */,
			);
			name = LaunchScreen.storyboard;
			sourceTree = "<group>";
		};
/* End PBXVariantGroup section */

/* Begin XCBuildConfiguration section */
		6AF8D76B28DABC4100E99D3D /* Debug */ = {
			isa = XCBuildConfiguration;
			buildSettings = {
				ALWAYS_SEARCH_USER_PATHS = NO;
				CLANG_ANALYZER_NONNULL = YES;
				CLANG_ANALYZER_NUMBER_OBJECT_CONVERSION = YES_AGGRESSIVE;
				CLANG_CXX_LANGUAGE_STANDARD = "gnu++17";
				CLANG_ENABLE_MODULES = YES;
				CLANG_ENABLE_OBJC_ARC = YES;
				CLANG_ENABLE_OBJC_WEAK = YES;
				CLANG_WARN_BLOCK_CAPTURE_AUTORELEASING = YES;
				CLANG_WARN_BOOL_CONVERSION = YES;
				CLANG_WARN_COMMA = YES;
				CLANG_WARN_CONSTANT_CONVERSION = YES;
				CLANG_WARN_DEPRECATED_OBJC_IMPLEMENTATIONS = YES;
				CLANG_WARN_DIRECT_OBJC_ISA_USAGE = YES_ERROR;
				CLANG_WARN_DOCUMENTATION_COMMENTS = YES;
				CLANG_WARN_EMPTY_BODY = YES;
				CLANG_WARN_ENUM_CONVERSION = YES;
				CLANG_WARN_INFINITE_RECURSION = YES;
				CLANG_WARN_INT_CONVERSION = YES;
				CLANG_WARN_NON_LITERAL_NULL_CONVERSION = YES;
				CLANG_WARN_OBJC_IMPLICIT_RETAIN_SELF = YES;
				CLANG_WARN_OBJC_LITERAL_CONVERSION = YES;
				CLANG_WARN_OBJC_ROOT_CLASS = YES_ERROR;
				CLANG_WARN_QUOTED_INCLUDE_IN_FRAMEWORK_HEADER = YES;
				CLANG_WARN_RANGE_LOOP_ANALYSIS = YES;
				CLANG_WARN_STRICT_PROTOTYPES = YES;
				CLANG_WARN_SUSPICIOUS_MOVE = YES;
				CLANG_WARN_UNGUARDED_AVAILABILITY = YES_AGGRESSIVE;
				CLANG_WARN_UNREACHABLE_CODE = YES;
				CLANG_WARN__DUPLICATE_METHOD_MATCH = YES;
				COPY_PHASE_STRIP = NO;
				DEBUG_INFORMATION_FORMAT = dwarf;
				ENABLE_STRICT_OBJC_MSGSEND = YES;
				ENABLE_TESTABILITY = YES;
				GCC_C_LANGUAGE_STANDARD = gnu11;
				GCC_DYNAMIC_NO_PIC = NO;
				GCC_NO_COMMON_BLOCKS = YES;
				GCC_OPTIMIZATION_LEVEL = 0;
				GCC_PREPROCESSOR_DEFINITIONS = (
					"DEBUG=1",
					"$(inherited)",
				);
				GCC_WARN_64_TO_32_BIT_CONVERSION = YES;
				GCC_WARN_ABOUT_RETURN_TYPE = YES_ERROR;
				GCC_WARN_UNDECLARED_SELECTOR = YES;
				GCC_WARN_UNINITIALIZED_AUTOS = YES_AGGRESSIVE;
				GCC_WARN_UNUSED_FUNCTION = YES;
				GCC_WARN_UNUSED_VARIABLE = YES;
				IPHONEOS_DEPLOYMENT_TARGET = 15.5;
				MTL_ENABLE_DEBUG_INFO = INCLUDE_SOURCE;
				MTL_FAST_MATH = YES;
				ONLY_ACTIVE_ARCH = YES;
				SDKROOT = iphoneos;
				SWIFT_ACTIVE_COMPILATION_CONDITIONS = DEBUG;
				SWIFT_OPTIMIZATION_LEVEL = "-Onone";
			};
			name = Debug;
		};
		6AF8D76C28DABC4100E99D3D /* Release */ = {
			isa = XCBuildConfiguration;
			buildSettings = {
				ALWAYS_SEARCH_USER_PATHS = NO;
				CLANG_ANALYZER_NONNULL = YES;
				CLANG_ANALYZER_NUMBER_OBJECT_CONVERSION = YES_AGGRESSIVE;
				CLANG_CXX_LANGUAGE_STANDARD = "gnu++17";
				CLANG_ENABLE_MODULES = YES;
				CLANG_ENABLE_OBJC_ARC = YES;
				CLANG_ENABLE_OBJC_WEAK = YES;
				CLANG_WARN_BLOCK_CAPTURE_AUTORELEASING = YES;
				CLANG_WARN_BOOL_CONVERSION = YES;
				CLANG_WARN_COMMA = YES;
				CLANG_WARN_CONSTANT_CONVERSION = YES;
				CLANG_WARN_DEPRECATED_OBJC_IMPLEMENTATIONS = YES;
				CLANG_WARN_DIRECT_OBJC_ISA_USAGE = YES_ERROR;
				CLANG_WARN_DOCUMENTATION_COMMENTS = YES;
				CLANG_WARN_EMPTY_BODY = YES;
				CLANG_WARN_ENUM_CONVERSION = YES;
				CLANG_WARN_INFINITE_RECURSION = YES;
				CLANG_WARN_INT_CONVERSION = YES;
				CLANG_WARN_NON_LITERAL_NULL_CONVERSION = YES;
				CLANG_WARN_OBJC_IMPLICIT_RETAIN_SELF = YES;
				CLANG_WARN_OBJC_LITERAL_CONVERSION = YES;
				CLANG_WARN_OBJC_ROOT_CLASS = YES_ERROR;
				CLANG_WARN_QUOTED_INCLUDE_IN_FRAMEWORK_HEADER = YES;
				CLANG_WARN_RANGE_LOOP_ANALYSIS = YES;
				CLANG_WARN_STRICT_PROTOTYPES = YES;
				CLANG_WARN_SUSPICIOUS_MOVE = YES;
				CLANG_WARN_UNGUARDED_AVAILABILITY = YES_AGGRESSIVE;
				CLANG_WARN_UNREACHABLE_CODE = YES;
				CLANG_WARN__DUPLICATE_METHOD_MATCH = YES;
				COPY_PHASE_STRIP = NO;
				DEBUG_INFORMATION_FORMAT = "dwarf-with-dsym";
				ENABLE_NS_ASSERTIONS = NO;
				ENABLE_STRICT_OBJC_MSGSEND = YES;
				GCC_C_LANGUAGE_STANDARD = gnu11;
				GCC_NO_COMMON_BLOCKS = YES;
				GCC_WARN_64_TO_32_BIT_CONVERSION = YES;
				GCC_WARN_ABOUT_RETURN_TYPE = YES_ERROR;
				GCC_WARN_UNDECLARED_SELECTOR = YES;
				GCC_WARN_UNINITIALIZED_AUTOS = YES_AGGRESSIVE;
				GCC_WARN_UNUSED_FUNCTION = YES;
				GCC_WARN_UNUSED_VARIABLE = YES;
				IPHONEOS_DEPLOYMENT_TARGET = 15.5;
				MTL_ENABLE_DEBUG_INFO = NO;
				MTL_FAST_MATH = YES;
				SDKROOT = iphoneos;
				SWIFT_COMPILATION_MODE = wholemodule;
				SWIFT_OPTIMIZATION_LEVEL = "-O";
				VALIDATE_PRODUCT = YES;
			};
			name = Release;
		};
		6AF8D76E28DABC4100E99D3D /* Debug */ = {
			isa = XCBuildConfiguration;
			baseConfigurationReference = B55DDE31FD60A6E3EC3D1B1A /* Pods-Flix.debug.xcconfig */;
			buildSettings = {
				ASSETCATALOG_COMPILER_APPICON_NAME = AppIcon;
				ASSETCATALOG_COMPILER_GLOBAL_ACCENT_COLOR_NAME = AccentColor;
				CODE_SIGN_STYLE = Automatic;
				CURRENT_PROJECT_VERSION = 1;
				DEVELOPMENT_TEAM = LTT66P62PJ;
				GENERATE_INFOPLIST_FILE = YES;
				INFOPLIST_FILE = Flix/Info.plist;
				INFOPLIST_KEY_UIApplicationSupportsIndirectInputEvents = YES;
				INFOPLIST_KEY_UILaunchStoryboardName = LaunchScreen;
				INFOPLIST_KEY_UIMainStoryboardFile = Main;
				INFOPLIST_KEY_UISupportedInterfaceOrientations_iPad = "UIInterfaceOrientationPortrait UIInterfaceOrientationPortraitUpsideDown UIInterfaceOrientationLandscapeLeft UIInterfaceOrientationLandscapeRight";
				INFOPLIST_KEY_UISupportedInterfaceOrientations_iPhone = "UIInterfaceOrientationPortrait UIInterfaceOrientationLandscapeLeft UIInterfaceOrientationLandscapeRight";
				LD_RUNPATH_SEARCH_PATHS = (
					"$(inherited)",
					"@executable_path/Frameworks",
				);
				MARKETING_VERSION = 1.0;
				PRODUCT_BUNDLE_IDENTIFIER = com.sarama101.Flix;
				PRODUCT_NAME = "$(TARGET_NAME)";
				SWIFT_EMIT_LOC_STRINGS = YES;
				SWIFT_VERSION = 5.0;
				TARGETED_DEVICE_FAMILY = "1,2";
			};
			name = Debug;
		};
		6AF8D76F28DABC4100E99D3D /* Release */ = {
			isa = XCBuildConfiguration;
			baseConfigurationReference = 72BBD51D27824DAFE83DEA61 /* Pods-Flix.release.xcconfig */;
			buildSettings = {
				ASSETCATALOG_COMPILER_APPICON_NAME = AppIcon;
				ASSETCATALOG_COMPILER_GLOBAL_ACCENT_COLOR_NAME = AccentColor;
				CODE_SIGN_STYLE = Automatic;
				CURRENT_PROJECT_VERSION = 1;
				DEVELOPMENT_TEAM = LTT66P62PJ;
				GENERATE_INFOPLIST_FILE = YES;
				INFOPLIST_FILE = Flix/Info.plist;
				INFOPLIST_KEY_UIApplicationSupportsIndirectInputEvents = YES;
				INFOPLIST_KEY_UILaunchStoryboardName = LaunchScreen;
				INFOPLIST_KEY_UIMainStoryboardFile = Main;
				INFOPLIST_KEY_UISupportedInterfaceOrientations_iPad = "UIInterfaceOrientationPortrait UIInterfaceOrientationPortraitUpsideDown UIInterfaceOrientationLandscapeLeft UIInterfaceOrientationLandscapeRight";
				INFOPLIST_KEY_UISupportedInterfaceOrientations_iPhone = "UIInterfaceOrientationPortrait UIInterfaceOrientationLandscapeLeft UIInterfaceOrientationLandscapeRight";
				LD_RUNPATH_SEARCH_PATHS = (
					"$(inherited)",
					"@executable_path/Frameworks",
				);
				MARKETING_VERSION = 1.0;
				PRODUCT_BUNDLE_IDENTIFIER = com.sarama101.Flix;
				PRODUCT_NAME = "$(TARGET_NAME)";
				SWIFT_EMIT_LOC_STRINGS = YES;
				SWIFT_VERSION = 5.0;
				TARGETED_DEVICE_FAMILY = "1,2";
			};
			name = Release;
		};
		6AF8D77128DABC4100E99D3D /* Debug */ = {
			isa = XCBuildConfiguration;
			baseConfigurationReference = 3006F4D70E73F930F2F5439F /* Pods-FlixTests.debug.xcconfig */;
			buildSettings = {
				ALWAYS_EMBED_SWIFT_STANDARD_LIBRARIES = YES;
				BUNDLE_LOADER = "$(TEST_HOST)";
				CODE_SIGN_STYLE = Automatic;
				CURRENT_PROJECT_VERSION = 1;
				DEVELOPMENT_TEAM = LTT66P62PJ;
				GENERATE_INFOPLIST_FILE = YES;
				IPHONEOS_DEPLOYMENT_TARGET = 15.5;
				MARKETING_VERSION = 1.0;
				PRODUCT_BUNDLE_IDENTIFIER = com.sarama101.FlixTests;
				PRODUCT_NAME = "$(TARGET_NAME)";
				SWIFT_EMIT_LOC_STRINGS = NO;
				SWIFT_VERSION = 5.0;
				TARGETED_DEVICE_FAMILY = "1,2";
				TEST_HOST = "$(BUILT_PRODUCTS_DIR)/Flix.app/Flix";
			};
			name = Debug;
		};
		6AF8D77228DABC4100E99D3D /* Release */ = {
			isa = XCBuildConfiguration;
			baseConfigurationReference = 5E393F2136F3B3E3B7437517 /* Pods-FlixTests.release.xcconfig */;
			buildSettings = {
				ALWAYS_EMBED_SWIFT_STANDARD_LIBRARIES = YES;
				BUNDLE_LOADER = "$(TEST_HOST)";
				CODE_SIGN_STYLE = Automatic;
				CURRENT_PROJECT_VERSION = 1;
				DEVELOPMENT_TEAM = LTT66P62PJ;
				GENERATE_INFOPLIST_FILE = YES;
				IPHONEOS_DEPLOYMENT_TARGET = 15.5;
				MARKETING_VERSION = 1.0;
				PRODUCT_BUNDLE_IDENTIFIER = com.sarama101.FlixTests;
				PRODUCT_NAME = "$(TARGET_NAME)";
				SWIFT_EMIT_LOC_STRINGS = NO;
				SWIFT_VERSION = 5.0;
				TARGETED_DEVICE_FAMILY = "1,2";
				TEST_HOST = "$(BUILT_PRODUCTS_DIR)/Flix.app/Flix";
			};
			name = Release;
		};
		6AF8D77428DABC4100E99D3D /* Debug */ = {
			isa = XCBuildConfiguration;
			baseConfigurationReference = 8552136201562D3CCE137D43 /* Pods-Flix-FlixUITests.debug.xcconfig */;
			buildSettings = {
				ALWAYS_EMBED_SWIFT_STANDARD_LIBRARIES = YES;
				CODE_SIGN_STYLE = Automatic;
				CURRENT_PROJECT_VERSION = 1;
				DEVELOPMENT_TEAM = LTT66P62PJ;
				GENERATE_INFOPLIST_FILE = YES;
				MARKETING_VERSION = 1.0;
				PRODUCT_BUNDLE_IDENTIFIER = com.sarama101.FlixUITests;
				PRODUCT_NAME = "$(TARGET_NAME)";
				SWIFT_EMIT_LOC_STRINGS = NO;
				SWIFT_VERSION = 5.0;
				TARGETED_DEVICE_FAMILY = "1,2";
				TEST_TARGET_NAME = Flix;
			};
			name = Debug;
		};
		6AF8D77528DABC4100E99D3D /* Release */ = {
			isa = XCBuildConfiguration;
			baseConfigurationReference = 79D617196D3E34583B1948CE /* Pods-Flix-FlixUITests.release.xcconfig */;
			buildSettings = {
				ALWAYS_EMBED_SWIFT_STANDARD_LIBRARIES = YES;
				CODE_SIGN_STYLE = Automatic;
				CURRENT_PROJECT_VERSION = 1;
				DEVELOPMENT_TEAM = LTT66P62PJ;
				GENERATE_INFOPLIST_FILE = YES;
				MARKETING_VERSION = 1.0;
				PRODUCT_BUNDLE_IDENTIFIER = com.sarama101.FlixUITests;
				PRODUCT_NAME = "$(TARGET_NAME)";
				SWIFT_EMIT_LOC_STRINGS = NO;
				SWIFT_VERSION = 5.0;
				TARGETED_DEVICE_FAMILY = "1,2";
				TEST_TARGET_NAME = Flix;
			};
			name = Release;
		};
/* End XCBuildConfiguration section */

/* Begin XCConfigurationList section */
		6AF8D73E28DABC3F00E99D3D /* Build configuration list for PBXProject "Flix" */ = {
			isa = XCConfigurationList;
			buildConfigurations = (
				6AF8D76B28DABC4100E99D3D /* Debug */,
				6AF8D76C28DABC4100E99D3D /* Release */,
			);
			defaultConfigurationIsVisible = 0;
			defaultConfigurationName = Release;
		};
		6AF8D76D28DABC4100E99D3D /* Build configuration list for PBXNativeTarget "Flix" */ = {
			isa = XCConfigurationList;
			buildConfigurations = (
				6AF8D76E28DABC4100E99D3D /* Debug */,
				6AF8D76F28DABC4100E99D3D /* Release */,
			);
			defaultConfigurationIsVisible = 0;
			defaultConfigurationName = Release;
		};
		6AF8D77028DABC4100E99D3D /* Build configuration list for PBXNativeTarget "FlixTests" */ = {
			isa = XCConfigurationList;
			buildConfigurations = (
				6AF8D77128DABC4100E99D3D /* Debug */,
				6AF8D77228DABC4100E99D3D /* Release */,
			);
			defaultConfigurationIsVisible = 0;
			defaultConfigurationName = Release;
		};
		6AF8D77328DABC4100E99D3D /* Build configuration list for PBXNativeTarget "FlixUITests" */ = {
			isa = XCConfigurationList;
			buildConfigurations = (
				6AF8D77428DABC4100E99D3D /* Debug */,
				6AF8D77528DABC4100E99D3D /* Release */,
			);
			defaultConfigurationIsVisible = 0;
			defaultConfigurationName = Release;
		};
/* End XCConfigurationList section */

/* Begin XCRemoteSwiftPackageReference section */
		6AF8D77E28DAE59100E99D3D /* XCRemoteSwiftPackageReference "AlamofireImage" */ = {
			isa = XCRemoteSwiftPackageReference;
			repositoryURL = "https://github.com/Alamofire/AlamofireImage";
			requirement = {
				kind = upToNextMajorVersion;
				minimumVersion = 4.0.0;
			};
		};
/* End XCRemoteSwiftPackageReference section */

/* Begin XCSwiftPackageProductDependency section */
		6AF8D77F28DAE59100E99D3D /* AlamofireImage */ = {
			isa = XCSwiftPackageProductDependency;
			package = 6AF8D77E28DAE59100E99D3D /* XCRemoteSwiftPackageReference "AlamofireImage" */;
			productName = AlamofireImage;
		};
/* End XCSwiftPackageProductDependency section */
	};
	rootObject = 6AF8D73B28DABC3F00E99D3D /* Project object */;
}
